{
  "requires": true,
  "lockfileVersion": 1,
  "dependencies": {
    "bulma-carousel": {
      "version": "3.0.0",
      "resolved": "https://registry.npmjs.org/bulma-carousel/-/bulma-carousel-3.0.0.tgz",
      "integrity": "sha512-K+ZLbf6BbzSY+b9+aYkr7O1XaK3NpxnH+Rgcg10YOSsCPQjuT/J+Euw5nViV7RZ7H4IqIYtA5e2GcZ20enPWdQ=="
    },
    "bulma-start": {
      "version": "0.0.2",
      "resolved": "https://registry.npmjs.org/bulma-start/-/bulma-start-0.0.2.tgz",
      "integrity": "sha1-RyUHiBsbJ68p4AnIWZUD4UYtIDE="
    },
    "undefined": {
      "version": "0.1.0",
      "resolved": "https://registry.npmjs.org/undefined/-/undefined-0.1.0.tgz",
      "integrity": "sha1-m3BqSzKtMMIMpP5l3cu72sMr3tA="
    }
  }
}
